# This file was autogenerated by Stack.
# You should not edit this file by hand.
# For more information, please see the documentation at:
#   https://docs.haskellstack.org/en/stable/lock_files

packages:
- completed:
    hackage: http-download-0.1.0.0@sha256:b02d76d28364b74fb90d3ec3c46fd81f9d77bcf71fa40c1d341a7251a0fc40e8,2023
    pantry-tree:
      size: 393
      sha256: 5ca9a5f17b87de5feea9eb26939bf0dea1ef20b9570545feb0b9e54f41ea47ff
  original:
    hackage: http-download-0.1.0.0
- completed:
    hackage: rio-prettyprint-0.1.0.0@sha256:764e1a357275c3c62d57c494d038feae01cf745788e7d0e97367ba793c9670c3,1359
    pantry-tree:
      size: 479
      sha256: 42fad9af672080b144bb60eb91af251ab35ce41bb931c44cfb584414648935e5
  original:
    hackage: rio-prettyprint-0.1.0.0
- completed:
    hackage: ansi-terminal-0.9@sha256:24e357bccd882add0d9caee63136d6b7923aaa9e36ed515097230dca82b0065c,3154
    pantry-tree:
      size: 1386
      sha256: ba8e708bbeb1d2d277f40d09627e91cc597b08334b63936c661263c18108d008
  original:
    hackage: ansi-terminal-0.9
- completed:
    hackage: rio-0.1.11.0@sha256:3ee5162199e5fc036ffe5b9459b6169471ce1b4fa53fa0bf8dcd1c7d9192728d,3633
    pantry-tree:
      size: 4745
      sha256: 88fcb5cef887a9cf664d3edad27421c37dc9534eb4752f224467d544c61c7fce
  original:
    hackage: rio-0.1.11.0
- completed:
    hackage: unliftio-0.2.12@sha256:b089fbc2ff2628a963c2c4b12143f2020874e3e5144ffd6c62b25639a0ca1483,3325
    pantry-tree:
      size: 2229
      sha256: 4971b43f3d473eff868eb1a0c359729b49f1779e78c462ba45ef0d1eda677699
  original:
    hackage: unliftio-0.2.12
- completed:
    size: 18079
    subdir: casa-client
    url: https://github.com/fpco/casa/archive/fc0ed26858bfc4f2966ed2dfb2871bae9266dda6.tar.gz
    name: casa-client
    version: 0.0.0
    sha256: 2545af15b33e4e7978f667d5071e6764700aa8bf87cde4b5e58446b67db1ee24
    pantry-tree:
      size: 120
      sha256: b1b2a552e3a2ef5c2944721941b433937c839a1f6530178e0b4f8c213dccd882
  original:
    subdir: casa-client
    url: https://github.com/fpco/casa/archive/fc0ed26858bfc4f2966ed2dfb2871bae9266dda6.tar.gz
- completed:
    size: 18079
    subdir: casa-types
    url: https://github.com/fpco/casa/archive/fc0ed26858bfc4f2966ed2dfb2871bae9266dda6.tar.gz
    name: casa-types
    version: 0.0.0
    sha256: 2545af15b33e4e7978f667d5071e6764700aa8bf87cde4b5e58446b67db1ee24
    pantry-tree:
      size: 118
      sha256: b61c04e24e3be39d4ed8f096b3bc286091edc7587a279cb7b8ec26019181382a
  original:
    subdir: casa-types
    url: https://github.com/fpco/casa/archive/fc0ed26858bfc4f2966ed2dfb2871bae9266dda6.tar.gz
snapshots:
- completed:
    size: 500539
    url: https://raw.githubusercontent.com/commercialhaskell/stackage-snapshots/master/lts/13/28.yaml
    sha256: cdde1bfb38fdee21c6acb73d506e78f7e12e0a73892adbbbe56374ebef4d3adf
  original: lts-13.28
