# This file was autogenerated by Stack.
# You should not edit this file by hand.
# For more information, please see the documentation at:
#   https://docs.haskellstack.org/en/stable/lock_files

packages:
- completed:
    hackage: companion-0.1.0@sha256:99f6de52c832d433639232a6d77d33abbca3b3037e49b7db6242fb9f569a8a2b,1093
    pantry-tree:
      sha256: 7d36c8a038ab4db197c0a395c63523b47beec9f6c72a64271bb0f6b112d1ebd1
      size: 328
  original:
    hackage: companion-0.1.0@sha256:99f6de52c832d433639232a6d77d33abbca3b3037e49b7db6242fb9f569a8a2b,1093
- completed:
    hackage: static-bytes-0.1.0@sha256:35dbf30f617baa0151682c97687042516be07872a39984f9fe31f78125b962bf,1627
    pantry-tree:
      sha256: 38980443d7bdf00dde4c34babbb1e4b858cdc3aca8973c50f22444cfb03135a2
      size: 440
  original:
    hackage: static-bytes-0.1.0@sha256:35dbf30f617baa0151682c97687042516be07872a39984f9fe31f78125b962bf,1627
snapshots:
- completed:
    sha256: 1867d84255dff8c87373f5dd03e5a5cb1c10a99587e26c8793e750c54e83ffdc
    size: 639139
    url: https://raw.githubusercontent.com/commercialhaskell/stackage-snapshots/master/lts/21/0.yaml
  original: lts-21.0
