# This file was autogenerated by Stack.
# You should not edit this file by hand.
# For more information, please see the documentation at:
#   https://docs.haskellstack.org/en/stable/lock_files

packages:
- completed:
    hackage: aeson-warning-parser-0.1.0@sha256:f2c1c42b73aa35d352060abcbb867c410cbbf57d0cb0fed607bcd1e2a74954ad,1308
    pantry-tree:
      sha256: 645c42c1e52c3a0e7fcedf06cd97d1fca590bf83a0eb19eed08314f4a3cf6b5f
      size: 336
  original:
    hackage: aeson-warning-parser-0.1.0@sha256:f2c1c42b73aa35d352060abcbb867c410cbbf57d0cb0fed607bcd1e2a74954ad,1308
- completed:
    hackage: companion-0.1.0@sha256:99f6de52c832d433639232a6d77d33abbca3b3037e49b7db6242fb9f569a8a2b,1093
    pantry-tree:
      sha256: 7d36c8a038ab4db197c0a395c63523b47beec9f6c72a64271bb0f6b112d1ebd1
      size: 328
  original:
    hackage: companion-0.1.0@sha256:99f6de52c832d433639232a6d77d33abbca3b3037e49b7db6242fb9f569a8a2b,1093
- completed:
    hackage: hpack-0.35.2@sha256:f8fea65f195c455b809c992d643c5db1b69615eda385fcb5ea6fa59773037fa7,5024
    pantry-tree:
      sha256: b1376940842ac0468aee17e289d35e5759758d7ba800569b9364e3b2522d7651
      size: 3742
  original:
    hackage: hpack-0.35.2@sha256:f8fea65f195c455b809c992d643c5db1b69615eda385fcb5ea6fa59773037fa7,5024
- completed:
    hackage: rio-prettyprint-0.1.4.0@sha256:1f8eb3ead0ef33d3736d53e1de5e9b2c91a0c207cdca23321bd74c401e85f23a,1301
    pantry-tree:
      sha256: 05bb2585e2d93899c62e0b6e1da02d040286b4524d0d363be1c5d99e49ac95bd
      size: 628
  original:
    hackage: rio-prettyprint-0.1.4.0@sha256:1f8eb3ead0ef33d3736d53e1de5e9b2c91a0c207cdca23321bd74c401e85f23a,1301
- completed:
    hackage: static-bytes-0.1.0@sha256:35dbf30f617baa0151682c97687042516be07872a39984f9fe31f78125b962bf,1627
    pantry-tree:
      sha256: 38980443d7bdf00dde4c34babbb1e4b858cdc3aca8973c50f22444cfb03135a2
      size: 440
  original:
    hackage: static-bytes-0.1.0@sha256:35dbf30f617baa0151682c97687042516be07872a39984f9fe31f78125b962bf,1627
snapshots:
- completed:
    sha256: 428ec8d5ce932190d3cbe266b9eb3c175cd81e984babf876b64019e2cbe4ea68
    size: 590100
    url: https://raw.githubusercontent.com/commercialhaskell/stackage-snapshots/master/lts/18/28.yaml
  original: lts-18.28
