# This file was autogenerated by Stack.
# You should not edit this file by hand.
# For more information, please see the documentation at:
#   https://docs.haskellstack.org/en/stable/lock_files

packages:
- completed:
    hackage: hpack-0.35.1@sha256:ef816234cbc7b52b0a6c55f7e904b6bc5292b8dd8f2d81ffcbcbc69ab80d75e5,4762
    pantry-tree:
      sha256: 514f0311eff442ab83ef3c2db456857f360ea173c17df133e575f50915e02da0
      size: 3675
  original:
    hackage: hpack-0.35.1@sha256:ef816234cbc7b52b0a6c55f7e904b6bc5292b8dd8f2d81ffcbcbc69ab80d75e5,4762
snapshots:
- completed:
    sha256: 3770dfd79f5aed67acdcc65c4e7730adddffe6dba79ea723cfb0918356fc0f94
    size: 648660
    url: https://raw.githubusercontent.com/commercialhaskell/stackage-snapshots/master/lts/20/4.yaml
  original: lts-20.4
