# This file was autogenerated by Stack.
# You should not edit this file by hand.
# For more information, please see the documentation at:
#   https://docs.haskellstack.org/en/stable/lock_files

packages:
- completed:
    hackage: Cabal-2.4.0.1@sha256:81b388aab88f21eea46425f25d7b0256edda6473cb40eed949a94f83b31a69a7,21190
    pantry-tree:
      size: 59797
      sha256: e656638cdfa85a332a10111ee9f386003e66b148db4db7b0b514594cd6fb5687
  original:
    hackage: Cabal-2.4.0.1
- completed:
    hackage: ansi-terminal-0.9@sha256:24e357bccd882add0d9caee63136d6b7923aaa9e36ed515097230dca82b0065c,3154
    pantry-tree:
      size: 1386
      sha256: ba8e708bbeb1d2d277f40d09627e91cc597b08334b63936c661263c18108d008
  original:
    hackage: ansi-terminal-0.9
- completed:
    hackage: rio-0.1.10.0@sha256:4b681c90c1ec3db7e0f4dfa8c5a55581de2997ba71df332a1ad87265adcecadf,3635
    pantry-tree:
      size: 4747
      sha256: 6f37903a10ab3ecd0da94f1130ec6f6dbcc5f84c4e468da29329510f6149d75e
  original:
    hackage: rio-0.1.10.0
- completed:
    hackage: rio-prettyprint-0.1.0.0@sha256:764e1a357275c3c62d57c494d038feae01cf745788e7d0e97367ba793c9670c3,1359
    pantry-tree:
      size: 479
      sha256: 42fad9af672080b144bb60eb91af251ab35ce41bb931c44cfb584414648935e5
  original:
    hackage: rio-prettyprint-0.1.0.0
- completed:
    hackage: http-download-0.1.0.0@sha256:b02d76d28364b74fb90d3ec3c46fd81f9d77bcf71fa40c1d341a7251a0fc40e8,2023
    pantry-tree:
      size: 393
      sha256: 5ca9a5f17b87de5feea9eb26939bf0dea1ef20b9570545feb0b9e54f41ea47ff
  original:
    hackage: http-download-0.1.0.0
- completed:
    hackage: typed-process-0.2.6.0@sha256:c901c13d491441830eb23132ad6968243a56b98161629d260a26c0b13c735fcd,2136
    pantry-tree:
      size: 529
      sha256: 2ef79f15f1f391e49dc522076f6d1584c7b305bf2aaa0dfec4dc0d4b61f31111
  original:
    hackage: typed-process-0.2.6.0
- completed:
    hackage: hedgehog-0.6.1@sha256:341e27c8e042ad78fffb72b5444cb87f0d5c37e38533256d41f30d1f96ec954f,4151
    pantry-tree:
      size: 2138
      sha256: 6487fd6ffce837be0b24b820df62c7165c3edeb2a84ab959077d836ac494b504
  original:
    hackage: hedgehog-0.6.1
- completed:
    hackage: persistent-2.10.0@sha256:6e4566c2cf8dda6bf3e00f4f813dd711e7796a1598f46c5c729491f4b643c91d,4708
    pantry-tree:
      size: 2094
      sha256: 5ae7466479cf300e9bf07dc9780a432b4338c4e1e56fc732399260303cdf2f84
  original:
    hackage: persistent-2.10.0@sha256:6e4566c2cf8dda6bf3e00f4f813dd711e7796a1598f46c5c729491f4b643c91d,4708
- completed:
    hackage: persistent-sqlite-2.10.1@sha256:95c4b90b43da5d82557d4d6fe6136b75a1568c45f868d2ce150f223c167dc9b1,4519
    pantry-tree:
      size: 681
      sha256: 1d473ef7b73002b20d400ec67ac85a3fc69cfb600e1f18410eafea16ef2548be
  original:
    hackage: persistent-sqlite-2.10.1@sha256:95c4b90b43da5d82557d4d6fe6136b75a1568c45f868d2ce150f223c167dc9b1,4519
snapshots:
- completed:
    size: 509471
    url: https://raw.githubusercontent.com/commercialhaskell/stackage-snapshots/master/lts/12/26.yaml
    sha256: 95f014df58d0679b1c4a2b7bf2b652b61da8d30de5f571abb0d59015ef678646
  original: lts-12.26
