# This file was autogenerated by Stack.
# You should not edit this file by hand.
# For more information, please see the documentation at:
#   https://docs.haskellstack.org/en/stable/lock_files

packages: []
snapshots:
- completed:
    size: 519764
    url: https://raw.githubusercontent.com/commercialhaskell/stackage-snapshots/master/nightly/2019/7/15.yaml
    sha256: 3f93a8081b0d3e6ee2b463886b1cc9f60403fae8a2eaeab4701b6e6150dfc98d
  original: nightly-2019-07-15
