# This file was autogenerated by Stack.
# You should not edit this file by hand.
# For more information, please see the documentation at:
#   https://docs.haskellstack.org/en/stable/lock_files

packages:
- completed:
    hackage: hpack-0.35.2@sha256:f8fea65f195c455b809c992d643c5db1b69615eda385fcb5ea6fa59773037fa7,5024
    pantry-tree:
      sha256: b1376940842ac0468aee17e289d35e5759758d7ba800569b9364e3b2522d7651
      size: 3742
  original:
    hackage: hpack-0.35.2
snapshots:
- completed:
    sha256: 428ec8d5ce932190d3cbe266b9eb3c175cd81e984babf876b64019e2cbe4ea68
    size: 590100
    url: https://raw.githubusercontent.com/commercialhaskell/stackage-snapshots/master/lts/18/28.yaml
  original: lts-18.28
