# This file was autogenerated by Stack.
# You should not edit this file by hand.
# For more information, please see the documentation at:
#   https://docs.haskellstack.org/en/stable/lock_files

packages:
- completed:
    hackage: Cabal-3.0.0.0@sha256:f0862eca5ef06da6e6a592c452a747a953e52adce6f66246d3c7a0aa458dfe35,26783
    pantry-tree:
      sha256: 121717f151bf20c2e1ca5a7733c4bdad4d864f1d4d96fdb9346a1012ea81e425
      size: 71616
  original:
    hackage: Cabal-3.0.0.0@sha256:f0862eca5ef06da6e6a592c452a747a953e52adce6f66246d3c7a0aa458dfe35,26783
- completed:
    hackage: hpack-0.35.2@sha256:f8fea65f195c455b809c992d643c5db1b69615eda385fcb5ea6fa59773037fa7,5024
    pantry-tree:
      sha256: b1376940842ac0468aee17e289d35e5759758d7ba800569b9364e3b2522d7651
      size: 3742
  original:
    hackage: hpack-0.35.2@sha256:f8fea65f195c455b809c992d643c5db1b69615eda385fcb5ea6fa59773037fa7,5024
- completed:
    hackage: rio-prettyprint-0.1.4.0@sha256:1f8eb3ead0ef33d3736d53e1de5e9b2c91a0c207cdca23321bd74c401e85f23a,1301
    pantry-tree:
      sha256: 05bb2585e2d93899c62e0b6e1da02d040286b4524d0d363be1c5d99e49ac95bd
      size: 628
  original:
    hackage: rio-prettyprint-0.1.4.0@sha256:1f8eb3ead0ef33d3736d53e1de5e9b2c91a0c207cdca23321bd74c401e85f23a,1301
snapshots:
- completed:
    sha256: 637fb77049b25560622a224845b7acfe81a09fdb6a96a3c75997a10b651667f6
    size: 534126
    url: https://raw.githubusercontent.com/commercialhaskell/stackage-snapshots/master/lts/16/31.yaml
  original: lts-16.31
