# This file was autogenerated by Stack.
# You should not edit this file by hand.
# For more information, please see the documentation at:
#   https://docs.haskellstack.org/en/stable/lock_files

packages:
- completed:
    hackage: hackage-security-0.6.2.3@sha256:64fc60f3f4d02047c54956b6976c0e4fc72722891c6875ab10d95359bc00355a,12649
    pantry-tree:
      sha256: f9df7c76d920dbabb0f89fd7b9099f8f80f022dcb6e9cf8ae089c6de274c41d4
      size: 4034
  original:
    hackage: hackage-security-0.6.2.3
snapshots:
- completed:
    sha256: b77e2c2b7988ed34cd317c01eb1958a8b8c234c3cc17e44077616c212959bed0
    size: 558756
    url: https://raw.githubusercontent.com/commercialhaskell/stackage-snapshots/master/nightly/2022/12/9.yaml
  original: nightly-2022-12-09
