# This file was autogenerated by Stack.
# You should not edit this file by hand.
# For more information, please see the documentation at:
#   https://docs.haskellstack.org/en/stable/lock_files

packages:
- completed:
    hackage: Cabal-3.0.0.0@sha256:f0862eca5ef06da6e6a592c452a747a953e52adce6f66246d3c7a0aa458dfe35,26783
    pantry-tree:
      sha256: 121717f151bf20c2e1ca5a7733c4bdad4d864f1d4d96fdb9346a1012ea81e425
      size: 71616
  original:
    hackage: Cabal-3.0.0.0
- completed:
    hackage: hpack-0.35.1@sha256:ef816234cbc7b52b0a6c55f7e904b6bc5292b8dd8f2d81ffcbcbc69ab80d75e5,4762
    pantry-tree:
      sha256: 514f0311eff442ab83ef3c2db456857f360ea173c17df133e575f50915e02da0
      size: 3675
  original:
    hackage: hpack-0.35.1@sha256:ef816234cbc7b52b0a6c55f7e904b6bc5292b8dd8f2d81ffcbcbc69ab80d75e5,4762
snapshots:
- completed:
    sha256: 637fb77049b25560622a224845b7acfe81a09fdb6a96a3c75997a10b651667f6
    size: 534126
    url: https://raw.githubusercontent.com/commercialhaskell/stackage-snapshots/master/lts/16/31.yaml
  original: lts-16.31
