# This file was autogenerated by Stack.
# You should not edit this file by hand.
# For more information, please see the documentation at:
#   https://docs.haskellstack.org/en/stable/lock_files

packages:
- completed:
    hackage: Cabal-3.0.0.0@sha256:f0862eca5ef06da6e6a592c452a747a953e52adce6f66246d3c7a0aa458dfe35,26783
    pantry-tree:
      sha256: 121717f151bf20c2e1ca5a7733c4bdad4d864f1d4d96fdb9346a1012ea81e425
      size: 71616
  original:
    hackage: Cabal-3.0.0.0
- completed:
    hackage: hpack-0.35.0@sha256:8cd6146fae269390f41dc7237ebd2c479074d4163806d349a41f5a7751d6cea5,4726
    pantry-tree:
      sha256: f143c1cb86d6ae954be5b3cc04629fb00631290c8eb9e3c795f65e10d6ccf220
      size: 3615
  original:
    hackage: hpack-0.35.0
- completed:
    hackage: casa-client-0.0.1@sha256:7c254d0f21fa96c1e64fff027a479ba2e93b2d53bb1938b62dc63dc6018f12a1,892
    pantry-tree:
      sha256: 0ddc768a7a4c0d1e2ba595eeff8a4f5a1a1c23f0a01d3fc1f80b326dc9d8315b
      size: 167
  original:
    hackage: casa-client-0.0.1
- completed:
    hackage: casa-types-0.0.1@sha256:8b51799015bbedac89662682c1f6da536a3914b6526cee15150fdac3f8853080,736
    pantry-tree:
      sha256: 6574f162db2f3401a674e07113f2fc86a5541877aed3ba415a8ba3dd88e75987
      size: 165
  original:
    hackage: casa-types-0.0.1
snapshots:
- completed:
    sha256: 7ea31a280c56bf36ff591a7397cc384d0dff622e7f9e4225b47d8980f019a0f0
    size: 524996
    url: https://raw.githubusercontent.com/commercialhaskell/stackage-snapshots/master/lts/14/27.yaml
  original: lts-14.27
