# This file was autogenerated by Stack.
# You should not edit this file by hand.
# For more information, please see the documentation at:
#   https://docs.haskellstack.org/en/stable/lock_files

packages:
- completed:
    hackage: aeson-warning-parser-0.1.0@sha256:f2c1c42b73aa35d352060abcbb867c410cbbf57d0cb0fed607bcd1e2a74954ad,1308
    pantry-tree:
      sha256: 645c42c1e52c3a0e7fcedf06cd97d1fca590bf83a0eb19eed08314f4a3cf6b5f
      size: 336
  original:
    hackage: aeson-warning-parser-0.1.0@sha256:f2c1c42b73aa35d352060abcbb867c410cbbf57d0cb0fed607bcd1e2a74954ad,1308
- completed:
    hackage: companion-0.1.0@sha256:99f6de52c832d433639232a6d77d33abbca3b3037e49b7db6242fb9f569a8a2b,1093
    pantry-tree:
      sha256: 7d36c8a038ab4db197c0a395c63523b47beec9f6c72a64271bb0f6b112d1ebd1
      size: 328
  original:
    hackage: companion-0.1.0@sha256:99f6de52c832d433639232a6d77d33abbca3b3037e49b7db6242fb9f569a8a2b,1093
- completed:
    hackage: static-bytes-0.1.0@sha256:35dbf30f617baa0151682c97687042516be07872a39984f9fe31f78125b962bf,1627
    pantry-tree:
      sha256: 38980443d7bdf00dde4c34babbb1e4b858cdc3aca8973c50f22444cfb03135a2
      size: 440
  original:
    hackage: static-bytes-0.1.0@sha256:35dbf30f617baa0151682c97687042516be07872a39984f9fe31f78125b962bf,1627
- completed:
    hackage: tar-conduit-0.4.0@sha256:f333649770f5ec42a83a93b0d424cf6bb895d80dfbee05a54340395f81d036ae,3126
    pantry-tree:
      sha256: 54de1a1b2f3f13ebeea65ea3f13a53c89e8e6e2f85bc5810c2a6eddd428cb827
      size: 828
  original:
    hackage: tar-conduit-0.4.0@sha256:f333649770f5ec42a83a93b0d424cf6bb895d80dfbee05a54340395f81d036ae,3126
snapshots:
- completed:
    sha256: 2e7d4a730d8eb5373b2d383fac84efcf7c81e3b7a5fce71b4c2e19a1768f25a6
    size: 640239
    url: https://raw.githubusercontent.com/commercialhaskell/stackage-snapshots/master/lts/21/6.yaml
  original: lts-21.6
