# This file was autogenerated by Stack.
# You should not edit this file by hand.
# For more information, please see the documentation at:
#   https://docs.haskellstack.org/en/stable/lock_files

packages:
- completed:
    hackage: persistent-2.11.0.4@sha256:a55a9a30d663407d77e2ea0e65b1e29e3aa2ecf531d7d758ded31c415875e216,4735
    pantry-tree:
      sha256: 0523f5ccae1ad92f3717e6fc8de7dae6907da00b08da3313a7afbc5c47b376e6
      size: 2099
  original:
    hackage: persistent-2.11.0.4@rev:0
- completed:
    hackage: persistent-sqlite-2.11.1.0@sha256:0455c3c23798f869a4409e23ddee62e0a6dc969faa0a6f8cc63c3744183b31a0,5141
    pantry-tree:
      sha256: 23904794186cc54b86e6b5cdd175830e52741d0e7bd8817f053f4e9445b5d9d4
      size: 749
  original:
    hackage: persistent-sqlite-2.11.1.0@rev:0
- completed:
    hackage: persistent-template-2.9.1.0@sha256:384dd25da7adfbeeb749252c227c6691ad31177c0b814891a5f987a50788f522,2898
    pantry-tree:
      sha256: 644eb4bc1f47c53d0eaf9e5df75a650dc38df260e3600254886cab8dffeb854c
      size: 776
  original:
    hackage: persistent-template-2.9.1.0@rev:0
snapshots:
- completed:
    sha256: 637fb77049b25560622a224845b7acfe81a09fdb6a96a3c75997a10b651667f6
    size: 534126
    url: https://raw.githubusercontent.com/commercialhaskell/stackage-snapshots/master/lts/16/31.yaml
  original: lts-16.31
